
Microsoft Visual Studio Solution File, Format Version 12.00
# Visual Studio Version 17
VisualStudioVersion = 17.5.33424.131
MinimumVisualStudioVersion = 10.0.40219.1
Project("{FAE04EC0-301F-11D3-BF4B-00C04F79EFBC}") = "WinFormsHaromszogKeruletTerulet", "WinFormsHaromszogKeruletTerulet\WinFormsHaromszogKeruletTerulet.csproj", "{6D254A2D-BCB6-4828-AF9C-CEF48829A07C}"
EndProject
Global
	GlobalSection(SolutionConfigurationPlatforms) = preSolution
		Debug|Any CPU = Debug|Any CPU
		Release|Any CPU = Release|Any CPU
	EndGlobalSection
	GlobalSection(ProjectConfigurationPlatforms) = postSolution
		{6D254A2D-BCB6-4828-AF9C-CEF48829A07C}.Debug|Any CPU.ActiveCfg = Debug|Any CPU
		{6D254A2D-BCB6-4828-AF9C-CEF48829A07C}.Debug|Any CPU.Build.0 = Debug|Any CPU
		{6D254A2D-BCB6-4828-AF9C-CEF48829A07C}.Release|Any CPU.ActiveCfg = Release|Any CPU
		{6D254A2D-BCB6-4828-AF9C-CEF48829A07C}.Release|Any CPU.Build.0 = Release|Any CPU
	EndGlobalSection
	GlobalSection(SolutionProperties) = preSolution
		HideSolutionNode = FALSE
	EndGlobalSection
	GlobalSection(ExtensibilityGlobals) = postSolution
		SolutionGuid = {9323E9A3-4921-45CB-B92F-246A1A1FAD16}
	EndGlobalSection
EndGlobal
